PODS:
  - ACProgressHUD-Swift (1.2)
  - SDWebImage (4.1.2):
    - SDWebImage/Core (= 4.1.2)
  - SDWebImage/Core (4.1.2)

DEPENDENCIES:
  - ACProgressHUD-Swift (~> 1.2)
  - SDWebImage (~> 4.0)

SPEC CHECKSUMS:
  ACProgressHUD-Swift: a08e699b2d8b3f3528d77c021ad6a326bc16f76d
  SDWebImage: cb6f9f266a9977741efcbc21e618e8be3734c774

PODFILE CHECKSUM: 819e9c64ff85e94e36915a3f70cb5a13e1504c52

COCOAPODS: 1.3.1
